Microsoft Visual Studio Solution File, Format Version 12.00
# Visual Studio 15
VisualStudioVersion = 15.0.26124.0
MinimumVisualStudioVersion = 15.0.26124.0
Project("{2150E333-8FDC-42A3-9474-1A3956D46DE8}") = "Hosts", "Hosts", "{AF351AB1-3DE7-4FEE-9963-F6362C1D53BA}"
EndProject
Project("{9A19103F-16F7-4668-BE54-9A1E7A4F7556}") = "TechChallengeAspNetCore.ApiHost", "Hosts\TechChallengeAspNetCore.ApiHost\TechChallengeAspNetCore.ApiHost.csproj", "{3A04530F-0489-4ADE-931E-85ECD5D7A186}"
EndProject
Project("{2150E333-8FDC-42A3-9474-1A3956D46DE8}") = "Infrastructure", "Infrastructure", "{AE1D30B4-C2DB-4AAF-90B9-68710723DB11}"
EndProject
Project("{9A19103F-16F7-4668-BE54-9A1E7A4F7556}") = "TechChallengeAspNetCore.Contracts", "Infrastructure\TechChallengeAspNetCore.Contracts\TechChallengeAspNetCore.Contracts.csproj", "{AED28E41-898F-4AAB-9725-4C1B37E7C401}"
EndProject
Project("{2150E333-8FDC-42A3-9474-1A3956D46DE8}") = "Business", "Business", "{3D0D8960-590B-4669-96C3-068EB77A1915}"
EndProject
Project("{9A19103F-16F7-4668-BE54-9A1E7A4F7556}") = "TechChallengeAspNetCore.Business.Common", "Business\TechChallengeAspNetCore.Business.Common\TechChallengeAspNetCore.Business.Common.csproj", "{C744B1C3-83D2-443A-A1DE-17334AC1D7F6}"
EndProject
Project("{2150E333-8FDC-42A3-9474-1A3956D46DE8}") = "Data", "Data", "{16FE0820-868B-4F19-B543-38C1C4650643}"
EndProject
Project("{9A19103F-16F7-4668-BE54-9A1E7A4F7556}") = "TechChallengeAspNetCore.Data", "Data\TechChallengeAspNetCore.Data\TechChallengeAspNetCore.Data.csproj", "{44718206-4BD4-4384-8ED0-A15D6FAD5E8E}"
EndProject
Project("{9A19103F-16F7-4668-BE54-9A1E7A4F7556}") = "TechChallengeAspNetCore.Business", "Business\TechChallengeAspNetCore.Business\TechChallengeAspNetCore.Business.csproj", "{F6D77FE7-5597-4D1E-BC34-6B0BE8C159F3}"
EndProject
Project("{9A19103F-16F7-4668-BE54-9A1E7A4F7556}") = "TechChallengeAspNetCore.Spa", "Hosts\TechChallengeAspNetCore.Spa\TechChallengeAspNetCore.Spa.csproj", "{38F7C122-E376-4725-922F-5D51AFFE1308}"
EndProject
Project("{9A19103F-16F7-4668-BE54-9A1E7A4F7556}") = "TechChallengeAspNetCore.ConsoleSeeder", "Hosts\TechChallengeAspNetCore.ConsoleSeeder\TechChallengeAspNetCore.ConsoleSeeder.csproj", "{2BF09FBF-1D20-49AD-A470-959B86B68AB0}"
EndProject
Project("{2150E333-8FDC-42A3-9474-1A3956D46DE8}") = "Tests", "Tests", "{2F63590A-791A-4686-9CF0-F95219327085}"
EndProject
Project("{9A19103F-16F7-4668-BE54-9A1E7A4F7556}") = "TechChallengeAspNetCore.Tests.Integration", "Tests\TechChallengeAspNetCore.Tests.Integration\TechChallengeAspNetCore.Tests.Integration.csproj", "{37FD7EA3-331D-44B2-93CB-57B0357F5B88}"
EndProject
Project("{9A19103F-16F7-4668-BE54-9A1E7A4F7556}") = "TechChallengeAspNetCore.Tests.Unit", "Tests\TechChallengeAspNetCore.Tests.Unit\TechChallengeAspNetCore.Tests.Unit.csproj", "{4B41DC06-3AF0-4BCE-9EDA-F5808AB30A47}"
EndProject
Global
	GlobalSection(SolutionConfigurationPlatforms) = preSolution
		Debug|Any CPU = Debug|Any CPU
		Debug|x64 = Debug|x64
		Debug|x86 = Debug|x86
		Release|Any CPU = Release|Any CPU
		Release|x64 = Release|x64
		Release|x86 = Release|x86
	EndGlobalSection
	GlobalSection(ProjectConfigurationPlatforms) = postSolution
		{3A04530F-0489-4ADE-931E-85ECD5D7A186}.Debug|Any CPU.ActiveCfg = Debug|Any CPU
		{3A04530F-0489-4ADE-931E-85ECD5D7A186}.Debug|Any CPU.Build.0 = Debug|Any CPU
		{3A04530F-0489-4ADE-931E-85ECD5D7A186}.Debug|x64.ActiveCfg = Debug|Any CPU
		{3A04530F-0489-4ADE-931E-85ECD5D7A186}.Debug|x64.Build.0 = Debug|Any CPU
		{3A04530F-0489-4ADE-931E-85ECD5D7A186}.Debug|x86.ActiveCfg = Debug|Any CPU
		{3A04530F-0489-4ADE-931E-85ECD5D7A186}.Debug|x86.Build.0 = Debug|Any CPU
		{3A04530F-0489-4ADE-931E-85ECD5D7A186}.Release|Any CPU.ActiveCfg = Release|Any CPU
		{3A04530F-0489-4ADE-931E-85ECD5D7A186}.Release|Any CPU.Build.0 = Release|Any CPU
		{3A04530F-0489-4ADE-931E-85ECD5D7A186}.Release|x64.ActiveCfg = Release|Any CPU
		{3A04530F-0489-4ADE-931E-85ECD5D7A186}.Release|x64.Build.0 = Release|Any CPU
		{3A04530F-0489-4ADE-931E-85ECD5D7A186}.Release|x86.ActiveCfg = Release|Any CPU
		{3A04530F-0489-4ADE-931E-85ECD5D7A186}.Release|x86.Build.0 = Release|Any CPU
		{AED28E41-898F-4AAB-9725-4C1B37E7C401}.Debug|Any CPU.ActiveCfg = Debug|Any CPU
		{AED28E41-898F-4AAB-9725-4C1B37E7C401}.Debug|Any CPU.Build.0 = Debug|Any CPU
		{AED28E41-898F-4AAB-9725-4C1B37E7C401}.Debug|x64.ActiveCfg = Debug|Any CPU
		{AED28E41-898F-4AAB-9725-4C1B37E7C401}.Debug|x64.Build.0 = Debug|Any CPU
		{AED28E41-898F-4AAB-9725-4C1B37E7C401}.Debug|x86.ActiveCfg = Debug|Any CPU
		{AED28E41-898F-4AAB-9725-4C1B37E7C401}.Debug|x86.Build.0 = Debug|Any CPU
		{AED28E41-898F-4AAB-9725-4C1B37E7C401}.Release|Any CPU.ActiveCfg = Release|Any CPU
		{AED28E41-898F-4AAB-9725-4C1B37E7C401}.Release|Any CPU.Build.0 = Release|Any CPU
		{AED28E41-898F-4AAB-9725-4C1B37E7C401}.Release|x64.ActiveCfg = Release|Any CPU
		{AED28E41-898F-4AAB-9725-4C1B37E7C401}.Release|x64.Build.0 = Release|Any CPU
		{AED28E41-898F-4AAB-9725-4C1B37E7C401}.Release|x86.ActiveCfg = Release|Any CPU
		{AED28E41-898F-4AAB-9725-4C1B37E7C401}.Release|x86.Build.0 = Release|Any CPU
		{C744B1C3-83D2-443A-A1DE-17334AC1D7F6}.Debug|Any CPU.ActiveCfg = Debug|Any CPU
		{C744B1C3-83D2-443A-A1DE-17334AC1D7F6}.Debug|Any CPU.Build.0 = Debug|Any CPU
		{C744B1C3-83D2-443A-A1DE-17334AC1D7F6}.Debug|x64.ActiveCfg = Debug|Any CPU
		{C744B1C3-83D2-443A-A1DE-17334AC1D7F6}.Debug|x64.Build.0 = Debug|Any CPU
		{C744B1C3-83D2-443A-A1DE-17334AC1D7F6}.Debug|x86.ActiveCfg = Debug|Any CPU
		{C744B1C3-83D2-443A-A1DE-17334AC1D7F6}.Debug|x86.Build.0 = Debug|Any CPU
		{C744B1C3-83D2-443A-A1DE-17334AC1D7F6}.Release|Any CPU.ActiveCfg = Release|Any CPU
		{C744B1C3-83D2-443A-A1DE-17334AC1D7F6}.Release|Any CPU.Build.0 = Release|Any CPU
		{C744B1C3-83D2-443A-A1DE-17334AC1D7F6}.Release|x64.ActiveCfg = Release|Any CPU
		{C744B1C3-83D2-443A-A1DE-17334AC1D7F6}.Release|x64.Build.0 = Release|Any CPU
		{C744B1C3-83D2-443A-A1DE-17334AC1D7F6}.Release|x86.ActiveCfg = Release|Any CPU
		{C744B1C3-83D2-443A-A1DE-17334AC1D7F6}.Release|x86.Build.0 = Release|Any CPU
		{44718206-4BD4-4384-8ED0-A15D6FAD5E8E}.Debug|Any CPU.ActiveCfg = Debug|Any CPU
		{44718206-4BD4-4384-8ED0-A15D6FAD5E8E}.Debug|Any CPU.Build.0 = Debug|Any CPU
		{44718206-4BD4-4384-8ED0-A15D6FAD5E8E}.Debug|x64.ActiveCfg = Debug|Any CPU
		{44718206-4BD4-4384-8ED0-A15D6FAD5E8E}.Debug|x64.Build.0 = Debug|Any CPU
		{44718206-4BD4-4384-8ED0-A15D6FAD5E8E}.Debug|x86.ActiveCfg = Debug|Any CPU
		{44718206-4BD4-4384-8ED0-A15D6FAD5E8E}.Debug|x86.Build.0 = Debug|Any CPU
		{44718206-4BD4-4384-8ED0-A15D6FAD5E8E}.Release|Any CPU.ActiveCfg = Release|Any CPU
		{44718206-4BD4-4384-8ED0-A15D6FAD5E8E}.Release|Any CPU.Build.0 = Release|Any CPU
		{44718206-4BD4-4384-8ED0-A15D6FAD5E8E}.Release|x64.ActiveCfg = Release|Any CPU
		{44718206-4BD4-4384-8ED0-A15D6FAD5E8E}.Release|x64.Build.0 = Release|Any CPU
		{44718206-4BD4-4384-8ED0-A15D6FAD5E8E}.Release|x86.ActiveCfg = Release|Any CPU
		{44718206-4BD4-4384-8ED0-A15D6FAD5E8E}.Release|x86.Build.0 = Release|Any CPU
		{F6D77FE7-5597-4D1E-BC34-6B0BE8C159F3}.Debug|Any CPU.ActiveCfg = Debug|Any CPU
		{F6D77FE7-5597-4D1E-BC34-6B0BE8C159F3}.Debug|Any CPU.Build.0 = Debug|Any CPU
		{F6D77FE7-5597-4D1E-BC34-6B0BE8C159F3}.Debug|x64.ActiveCfg = Debug|Any CPU
		{F6D77FE7-5597-4D1E-BC34-6B0BE8C159F3}.Debug|x64.Build.0 = Debug|Any CPU
		{F6D77FE7-5597-4D1E-BC34-6B0BE8C159F3}.Debug|x86.ActiveCfg = Debug|Any CPU
		{F6D77FE7-5597-4D1E-BC34-6B0BE8C159F3}.Debug|x86.Build.0 = Debug|Any CPU
		{F6D77FE7-5597-4D1E-BC34-6B0BE8C159F3}.Release|Any CPU.ActiveCfg = Release|Any CPU
		{F6D77FE7-5597-4D1E-BC34-6B0BE8C159F3}.Release|Any CPU.Build.0 = Release|Any CPU
		{F6D77FE7-5597-4D1E-BC34-6B0BE8C159F3}.Release|x64.ActiveCfg = Release|Any CPU
		{F6D77FE7-5597-4D1E-BC34-6B0BE8C159F3}.Release|x64.Build.0 = Release|Any CPU
		{F6D77FE7-5597-4D1E-BC34-6B0BE8C159F3}.Release|x86.ActiveCfg = Release|Any CPU
		{F6D77FE7-5597-4D1E-BC34-6B0BE8C159F3}.Release|x86.Build.0 = Release|Any CPU
		{38F7C122-E376-4725-922F-5D51AFFE1308}.Debug|Any CPU.ActiveCfg = Debug|Any CPU
		{38F7C122-E376-4725-922F-5D51AFFE1308}.Debug|Any CPU.Build.0 = Debug|Any CPU
		{38F7C122-E376-4725-922F-5D51AFFE1308}.Debug|x64.ActiveCfg = Debug|Any CPU
		{38F7C122-E376-4725-922F-5D51AFFE1308}.Debug|x64.Build.0 = Debug|Any CPU
		{38F7C122-E376-4725-922F-5D51AFFE1308}.Debug|x86.ActiveCfg = Debug|Any CPU
		{38F7C122-E376-4725-922F-5D51AFFE1308}.Debug|x86.Build.0 = Debug|Any CPU
		{38F7C122-E376-4725-922F-5D51AFFE1308}.Release|Any CPU.ActiveCfg = Release|Any CPU
		{38F7C122-E376-4725-922F-5D51AFFE1308}.Release|Any CPU.Build.0 = Release|Any CPU
		{38F7C122-E376-4725-922F-5D51AFFE1308}.Release|x64.ActiveCfg = Release|Any CPU
		{38F7C122-E376-4725-922F-5D51AFFE1308}.Release|x64.Build.0 = Release|Any CPU
		{38F7C122-E376-4725-922F-5D51AFFE1308}.Release|x86.ActiveCfg = Release|Any CPU
		{38F7C122-E376-4725-922F-5D51AFFE1308}.Release|x86.Build.0 = Release|Any CPU
		{2BF09FBF-1D20-49AD-A470-959B86B68AB0}.Debug|Any CPU.ActiveCfg = Debug|Any CPU
		{2BF09FBF-1D20-49AD-A470-959B86B68AB0}.Debug|Any CPU.Build.0 = Debug|Any CPU
		{2BF09FBF-1D20-49AD-A470-959B86B68AB0}.Debug|x64.ActiveCfg = Debug|Any CPU
		{2BF09FBF-1D20-49AD-A470-959B86B68AB0}.Debug|x64.Build.0 = Debug|Any CPU
		{2BF09FBF-1D20-49AD-A470-959B86B68AB0}.Debug|x86.ActiveCfg = Debug|Any CPU
		{2BF09FBF-1D20-49AD-A470-959B86B68AB0}.Debug|x86.Build.0 = Debug|Any CPU
		{2BF09FBF-1D20-49AD-A470-959B86B68AB0}.Release|Any CPU.ActiveCfg = Release|Any CPU
		{2BF09FBF-1D20-49AD-A470-959B86B68AB0}.Release|Any CPU.Build.0 = Release|Any CPU
		{2BF09FBF-1D20-49AD-A470-959B86B68AB0}.Release|x64.ActiveCfg = Release|Any CPU
		{2BF09FBF-1D20-49AD-A470-959B86B68AB0}.Release|x64.Build.0 = Release|Any CPU
		{2BF09FBF-1D20-49AD-A470-959B86B68AB0}.Release|x86.ActiveCfg = Release|Any CPU
		{2BF09FBF-1D20-49AD-A470-959B86B68AB0}.Release|x86.Build.0 = Release|Any CPU
		{37FD7EA3-331D-44B2-93CB-57B0357F5B88}.Debug|Any CPU.ActiveCfg = Debug|Any CPU
		{37FD7EA3-331D-44B2-93CB-57B0357F5B88}.Debug|Any CPU.Build.0 = Debug|Any CPU
		{37FD7EA3-331D-44B2-93CB-57B0357F5B88}.Debug|x64.ActiveCfg = Debug|Any CPU
		{37FD7EA3-331D-44B2-93CB-57B0357F5B88}.Debug|x64.Build.0 = Debug|Any CPU
		{37FD7EA3-331D-44B2-93CB-57B0357F5B88}.Debug|x86.ActiveCfg = Debug|Any CPU
		{37FD7EA3-331D-44B2-93CB-57B0357F5B88}.Debug|x86.Build.0 = Debug|Any CPU
		{37FD7EA3-331D-44B2-93CB-57B0357F5B88}.Release|Any CPU.ActiveCfg = Release|Any CPU
		{37FD7EA3-331D-44B2-93CB-57B0357F5B88}.Release|Any CPU.Build.0 = Release|Any CPU
		{37FD7EA3-331D-44B2-93CB-57B0357F5B88}.Release|x64.ActiveCfg = Release|Any CPU
		{37FD7EA3-331D-44B2-93CB-57B0357F5B88}.Release|x64.Build.0 = Release|Any CPU
		{37FD7EA3-331D-44B2-93CB-57B0357F5B88}.Release|x86.ActiveCfg = Release|Any CPU
		{37FD7EA3-331D-44B2-93CB-57B0357F5B88}.Release|x86.Build.0 = Release|Any CPU
		{4B41DC06-3AF0-4BCE-9EDA-F5808AB30A47}.Debug|Any CPU.ActiveCfg = Debug|Any CPU
		{4B41DC06-3AF0-4BCE-9EDA-F5808AB30A47}.Debug|Any CPU.Build.0 = Debug|Any CPU
		{4B41DC06-3AF0-4BCE-9EDA-F5808AB30A47}.Debug|x64.ActiveCfg = Debug|Any CPU
		{4B41DC06-3AF0-4BCE-9EDA-F5808AB30A47}.Debug|x64.Build.0 = Debug|Any CPU
		{4B41DC06-3AF0-4BCE-9EDA-F5808AB30A47}.Debug|x86.ActiveCfg = Debug|Any CPU
		{4B41DC06-3AF0-4BCE-9EDA-F5808AB30A47}.Debug|x86.Build.0 = Debug|Any CPU
		{4B41DC06-3AF0-4BCE-9EDA-F5808AB30A47}.Release|Any CPU.ActiveCfg = Release|Any CPU
		{4B41DC06-3AF0-4BCE-9EDA-F5808AB30A47}.Release|Any CPU.Build.0 = Release|Any CPU
		{4B41DC06-3AF0-4BCE-9EDA-F5808AB30A47}.Release|x64.ActiveCfg = Release|Any CPU
		{4B41DC06-3AF0-4BCE-9EDA-F5808AB30A47}.Release|x64.Build.0 = Release|Any CPU
		{4B41DC06-3AF0-4BCE-9EDA-F5808AB30A47}.Release|x86.ActiveCfg = Release|Any CPU
		{4B41DC06-3AF0-4BCE-9EDA-F5808AB30A47}.Release|x86.Build.0 = Release|Any CPU
	EndGlobalSection
	GlobalSection(SolutionProperties) = preSolution
		HideSolutionNode = FALSE
	EndGlobalSection
	GlobalSection(NestedProjects) = preSolution
		{3A04530F-0489-4ADE-931E-85ECD5D7A186} = {AF351AB1-3DE7-4FEE-9963-F6362C1D53BA}
		{AED28E41-898F-4AAB-9725-4C1B37E7C401} = {AE1D30B4-C2DB-4AAF-90B9-68710723DB11}
		{C744B1C3-83D2-443A-A1DE-17334AC1D7F6} = {3D0D8960-590B-4669-96C3-068EB77A1915}
		{44718206-4BD4-4384-8ED0-A15D6FAD5E8E} = {16FE0820-868B-4F19-B543-38C1C4650643}
		{F6D77FE7-5597-4D1E-BC34-6B0BE8C159F3} = {3D0D8960-590B-4669-96C3-068EB77A1915}
		{38F7C122-E376-4725-922F-5D51AFFE1308} = {AF351AB1-3DE7-4FEE-9963-F6362C1D53BA}
		{2BF09FBF-1D20-49AD-A470-959B86B68AB0} = {AF351AB1-3DE7-4FEE-9963-F6362C1D53BA}
		{37FD7EA3-331D-44B2-93CB-57B0357F5B88} = {2F63590A-791A-4686-9CF0-F95219327085}
		{4B41DC06-3AF0-4BCE-9EDA-F5808AB30A47} = {2F63590A-791A-4686-9CF0-F95219327085}
	EndGlobalSection
	GlobalSection(ExtensibilityGlobals) = postSolution
		SolutionGuid = {94573928-9831-4FCA-829A-EA54B40B87AC}
	EndGlobalSection
EndGlobal
