Microsoft Visual Studio Solution File, Format Version 12.00
# Visual Studio 15
VisualStudioVersion = 15.0.26124.0
MinimumVisualStudioVersion = 15.0.26124.0
Project("{2150E333-8FDC-42A3-9474-1A3956D46DE8}") = "Hosts", "Hosts", "{1486CBBA-AF28-46A4-B55A-E6797C1506D0}"
EndProject
Project("{9A19103F-16F7-4668-BE54-9A1E7A4F7556}") = "TechChallengeAspNetCore.ApiHost", "Hosts\TechChallengeAspNetCore.ApiHost\TechChallengeAspNetCore.ApiHost.csproj", "{D682CE9C-945F-488E-B878-526920C6887D}"
EndProject
Project("{2150E333-8FDC-42A3-9474-1A3956D46DE8}") = "Infrastructure", "Infrastructure", "{E9C37E7E-84D7-4F79-9DA0-19087A07374A}"
EndProject
Project("{9A19103F-16F7-4668-BE54-9A1E7A4F7556}") = "TechChallengeAspNetCore.Contracts", "Infrastructure\TechChallengeAspNetCore.Contracts\TechChallengeAspNetCore.Contracts.csproj", "{8AD08B00-C141-4016-8B7F-85FE6EAFE540}"
EndProject
Project("{2150E333-8FDC-42A3-9474-1A3956D46DE8}") = "Business", "Business", "{ABF7785B-AAAA-4CC2-80F9-CE9BF70C88D4}"
EndProject
Project("{9A19103F-16F7-4668-BE54-9A1E7A4F7556}") = "TechChallengeAspNetCore.Business.Common", "Business\TechChallengeAspNetCore.Business.Common\TechChallengeAspNetCore.Business.Common.csproj", "{86FFD48E-FB14-449C-BF7F-093957735274}"
EndProject
Project("{2150E333-8FDC-42A3-9474-1A3956D46DE8}") = "Data", "Data", "{8B61AC57-42CD-45D2-ADC8-0C62EC8B9482}"
EndProject
Project("{9A19103F-16F7-4668-BE54-9A1E7A4F7556}") = "TechChallengeAspNetCore.Data", "Data\TechChallengeAspNetCore.Data\TechChallengeAspNetCore.Data.csproj", "{8D713681-FD71-4C8E-B05D-3AE7B421D7F7}"
EndProject
Project("{9A19103F-16F7-4668-BE54-9A1E7A4F7556}") = "TechChallengeAspNetCore.Business", "Business\TechChallengeAspNetCore.Business\TechChallengeAspNetCore.Business.csproj", "{003A2935-984D-44B9-86E4-522DD628012A}"
EndProject
Project("{9A19103F-16F7-4668-BE54-9A1E7A4F7556}") = "TechChallengeAspNetCore.Spa", "Hosts\TechChallengeAspNetCore.Spa\TechChallengeAspNetCore.Spa.csproj", "{9D4A2015-ACAC-4170-BBB1-35F091DF18F6}"
EndProject
Project("{9A19103F-16F7-4668-BE54-9A1E7A4F7556}") = "TechChallengeAspNetCore.ConsoleSeeder", "Hosts\TechChallengeAspNetCore.ConsoleSeeder\TechChallengeAspNetCore.ConsoleSeeder.csproj", "{62947E4A-6499-47A8-ACFA-30CA07EBEC74}"
EndProject
Project("{2150E333-8FDC-42A3-9474-1A3956D46DE8}") = "Tests", "Tests", "{DF83F46A-8217-4400-910D-EDD4D3B92B99}"
EndProject
Project("{9A19103F-16F7-4668-BE54-9A1E7A4F7556}") = "TechChallengeAspNetCore.Tests.Integration", "Tests\TechChallengeAspNetCore.Tests.Integration\TechChallengeAspNetCore.Tests.Integration.csproj", "{4F23E962-49B6-4AA5-8A78-4FD89729C401}"
EndProject
Project("{9A19103F-16F7-4668-BE54-9A1E7A4F7556}") = "TechChallengeAspNetCore.Tests.Unit", "Tests\TechChallengeAspNetCore.Tests.Unit\TechChallengeAspNetCore.Tests.Unit.csproj", "{BDE07209-EF94-470E-B470-5E8E40323023}"
EndProject
Global
	GlobalSection(SolutionConfigurationPlatforms) = preSolution
		Debug|Any CPU = Debug|Any CPU
		Debug|x64 = Debug|x64
		Debug|x86 = Debug|x86
		Release|Any CPU = Release|Any CPU
		Release|x64 = Release|x64
		Release|x86 = Release|x86
	EndGlobalSection
	GlobalSection(ProjectConfigurationPlatforms) = postSolution
		{D682CE9C-945F-488E-B878-526920C6887D}.Debug|Any CPU.ActiveCfg = Debug|Any CPU
		{D682CE9C-945F-488E-B878-526920C6887D}.Debug|Any CPU.Build.0 = Debug|Any CPU
		{D682CE9C-945F-488E-B878-526920C6887D}.Debug|x64.ActiveCfg = Debug|Any CPU
		{D682CE9C-945F-488E-B878-526920C6887D}.Debug|x64.Build.0 = Debug|Any CPU
		{D682CE9C-945F-488E-B878-526920C6887D}.Debug|x86.ActiveCfg = Debug|Any CPU
		{D682CE9C-945F-488E-B878-526920C6887D}.Debug|x86.Build.0 = Debug|Any CPU
		{D682CE9C-945F-488E-B878-526920C6887D}.Release|Any CPU.ActiveCfg = Release|Any CPU
		{D682CE9C-945F-488E-B878-526920C6887D}.Release|Any CPU.Build.0 = Release|Any CPU
		{D682CE9C-945F-488E-B878-526920C6887D}.Release|x64.ActiveCfg = Release|Any CPU
		{D682CE9C-945F-488E-B878-526920C6887D}.Release|x64.Build.0 = Release|Any CPU
		{D682CE9C-945F-488E-B878-526920C6887D}.Release|x86.ActiveCfg = Release|Any CPU
		{D682CE9C-945F-488E-B878-526920C6887D}.Release|x86.Build.0 = Release|Any CPU
		{8AD08B00-C141-4016-8B7F-85FE6EAFE540}.Debug|Any CPU.ActiveCfg = Debug|Any CPU
		{8AD08B00-C141-4016-8B7F-85FE6EAFE540}.Debug|Any CPU.Build.0 = Debug|Any CPU
		{8AD08B00-C141-4016-8B7F-85FE6EAFE540}.Debug|x64.ActiveCfg = Debug|Any CPU
		{8AD08B00-C141-4016-8B7F-85FE6EAFE540}.Debug|x64.Build.0 = Debug|Any CPU
		{8AD08B00-C141-4016-8B7F-85FE6EAFE540}.Debug|x86.ActiveCfg = Debug|Any CPU
		{8AD08B00-C141-4016-8B7F-85FE6EAFE540}.Debug|x86.Build.0 = Debug|Any CPU
		{8AD08B00-C141-4016-8B7F-85FE6EAFE540}.Release|Any CPU.ActiveCfg = Release|Any CPU
		{8AD08B00-C141-4016-8B7F-85FE6EAFE540}.Release|Any CPU.Build.0 = Release|Any CPU
		{8AD08B00-C141-4016-8B7F-85FE6EAFE540}.Release|x64.ActiveCfg = Release|Any CPU
		{8AD08B00-C141-4016-8B7F-85FE6EAFE540}.Release|x64.Build.0 = Release|Any CPU
		{8AD08B00-C141-4016-8B7F-85FE6EAFE540}.Release|x86.ActiveCfg = Release|Any CPU
		{8AD08B00-C141-4016-8B7F-85FE6EAFE540}.Release|x86.Build.0 = Release|Any CPU
		{86FFD48E-FB14-449C-BF7F-093957735274}.Debug|Any CPU.ActiveCfg = Debug|Any CPU
		{86FFD48E-FB14-449C-BF7F-093957735274}.Debug|Any CPU.Build.0 = Debug|Any CPU
		{86FFD48E-FB14-449C-BF7F-093957735274}.Debug|x64.ActiveCfg = Debug|Any CPU
		{86FFD48E-FB14-449C-BF7F-093957735274}.Debug|x64.Build.0 = Debug|Any CPU
		{86FFD48E-FB14-449C-BF7F-093957735274}.Debug|x86.ActiveCfg = Debug|Any CPU
		{86FFD48E-FB14-449C-BF7F-093957735274}.Debug|x86.Build.0 = Debug|Any CPU
		{86FFD48E-FB14-449C-BF7F-093957735274}.Release|Any CPU.ActiveCfg = Release|Any CPU
		{86FFD48E-FB14-449C-BF7F-093957735274}.Release|Any CPU.Build.0 = Release|Any CPU
		{86FFD48E-FB14-449C-BF7F-093957735274}.Release|x64.ActiveCfg = Release|Any CPU
		{86FFD48E-FB14-449C-BF7F-093957735274}.Release|x64.Build.0 = Release|Any CPU
		{86FFD48E-FB14-449C-BF7F-093957735274}.Release|x86.ActiveCfg = Release|Any CPU
		{86FFD48E-FB14-449C-BF7F-093957735274}.Release|x86.Build.0 = Release|Any CPU
		{8D713681-FD71-4C8E-B05D-3AE7B421D7F7}.Debug|Any CPU.ActiveCfg = Debug|Any CPU
		{8D713681-FD71-4C8E-B05D-3AE7B421D7F7}.Debug|Any CPU.Build.0 = Debug|Any CPU
		{8D713681-FD71-4C8E-B05D-3AE7B421D7F7}.Debug|x64.ActiveCfg = Debug|Any CPU
		{8D713681-FD71-4C8E-B05D-3AE7B421D7F7}.Debug|x64.Build.0 = Debug|Any CPU
		{8D713681-FD71-4C8E-B05D-3AE7B421D7F7}.Debug|x86.ActiveCfg = Debug|Any CPU
		{8D713681-FD71-4C8E-B05D-3AE7B421D7F7}.Debug|x86.Build.0 = Debug|Any CPU
		{8D713681-FD71-4C8E-B05D-3AE7B421D7F7}.Release|Any CPU.ActiveCfg = Release|Any CPU
		{8D713681-FD71-4C8E-B05D-3AE7B421D7F7}.Release|Any CPU.Build.0 = Release|Any CPU
		{8D713681-FD71-4C8E-B05D-3AE7B421D7F7}.Release|x64.ActiveCfg = Release|Any CPU
		{8D713681-FD71-4C8E-B05D-3AE7B421D7F7}.Release|x64.Build.0 = Release|Any CPU
		{8D713681-FD71-4C8E-B05D-3AE7B421D7F7}.Release|x86.ActiveCfg = Release|Any CPU
		{8D713681-FD71-4C8E-B05D-3AE7B421D7F7}.Release|x86.Build.0 = Release|Any CPU
		{003A2935-984D-44B9-86E4-522DD628012A}.Debug|Any CPU.ActiveCfg = Debug|Any CPU
		{003A2935-984D-44B9-86E4-522DD628012A}.Debug|Any CPU.Build.0 = Debug|Any CPU
		{003A2935-984D-44B9-86E4-522DD628012A}.Debug|x64.ActiveCfg = Debug|Any CPU
		{003A2935-984D-44B9-86E4-522DD628012A}.Debug|x64.Build.0 = Debug|Any CPU
		{003A2935-984D-44B9-86E4-522DD628012A}.Debug|x86.ActiveCfg = Debug|Any CPU
		{003A2935-984D-44B9-86E4-522DD628012A}.Debug|x86.Build.0 = Debug|Any CPU
		{003A2935-984D-44B9-86E4-522DD628012A}.Release|Any CPU.ActiveCfg = Release|Any CPU
		{003A2935-984D-44B9-86E4-522DD628012A}.Release|Any CPU.Build.0 = Release|Any CPU
		{003A2935-984D-44B9-86E4-522DD628012A}.Release|x64.ActiveCfg = Release|Any CPU
		{003A2935-984D-44B9-86E4-522DD628012A}.Release|x64.Build.0 = Release|Any CPU
		{003A2935-984D-44B9-86E4-522DD628012A}.Release|x86.ActiveCfg = Release|Any CPU
		{003A2935-984D-44B9-86E4-522DD628012A}.Release|x86.Build.0 = Release|Any CPU
		{9D4A2015-ACAC-4170-BBB1-35F091DF18F6}.Debug|Any CPU.ActiveCfg = Debug|Any CPU
		{9D4A2015-ACAC-4170-BBB1-35F091DF18F6}.Debug|Any CPU.Build.0 = Debug|Any CPU
		{9D4A2015-ACAC-4170-BBB1-35F091DF18F6}.Debug|x64.ActiveCfg = Debug|Any CPU
		{9D4A2015-ACAC-4170-BBB1-35F091DF18F6}.Debug|x64.Build.0 = Debug|Any CPU
		{9D4A2015-ACAC-4170-BBB1-35F091DF18F6}.Debug|x86.ActiveCfg = Debug|Any CPU
		{9D4A2015-ACAC-4170-BBB1-35F091DF18F6}.Debug|x86.Build.0 = Debug|Any CPU
		{9D4A2015-ACAC-4170-BBB1-35F091DF18F6}.Release|Any CPU.ActiveCfg = Release|Any CPU
		{9D4A2015-ACAC-4170-BBB1-35F091DF18F6}.Release|Any CPU.Build.0 = Release|Any CPU
		{9D4A2015-ACAC-4170-BBB1-35F091DF18F6}.Release|x64.ActiveCfg = Release|Any CPU
		{9D4A2015-ACAC-4170-BBB1-35F091DF18F6}.Release|x64.Build.0 = Release|Any CPU
		{9D4A2015-ACAC-4170-BBB1-35F091DF18F6}.Release|x86.ActiveCfg = Release|Any CPU
		{9D4A2015-ACAC-4170-BBB1-35F091DF18F6}.Release|x86.Build.0 = Release|Any CPU
		{62947E4A-6499-47A8-ACFA-30CA07EBEC74}.Debug|Any CPU.ActiveCfg = Debug|Any CPU
		{62947E4A-6499-47A8-ACFA-30CA07EBEC74}.Debug|Any CPU.Build.0 = Debug|Any CPU
		{62947E4A-6499-47A8-ACFA-30CA07EBEC74}.Debug|x64.ActiveCfg = Debug|Any CPU
		{62947E4A-6499-47A8-ACFA-30CA07EBEC74}.Debug|x64.Build.0 = Debug|Any CPU
		{62947E4A-6499-47A8-ACFA-30CA07EBEC74}.Debug|x86.ActiveCfg = Debug|Any CPU
		{62947E4A-6499-47A8-ACFA-30CA07EBEC74}.Debug|x86.Build.0 = Debug|Any CPU
		{62947E4A-6499-47A8-ACFA-30CA07EBEC74}.Release|Any CPU.ActiveCfg = Release|Any CPU
		{62947E4A-6499-47A8-ACFA-30CA07EBEC74}.Release|Any CPU.Build.0 = Release|Any CPU
		{62947E4A-6499-47A8-ACFA-30CA07EBEC74}.Release|x64.ActiveCfg = Release|Any CPU
		{62947E4A-6499-47A8-ACFA-30CA07EBEC74}.Release|x64.Build.0 = Release|Any CPU
		{62947E4A-6499-47A8-ACFA-30CA07EBEC74}.Release|x86.ActiveCfg = Release|Any CPU
		{62947E4A-6499-47A8-ACFA-30CA07EBEC74}.Release|x86.Build.0 = Release|Any CPU
		{4F23E962-49B6-4AA5-8A78-4FD89729C401}.Debug|Any CPU.ActiveCfg = Debug|Any CPU
		{4F23E962-49B6-4AA5-8A78-4FD89729C401}.Debug|Any CPU.Build.0 = Debug|Any CPU
		{4F23E962-49B6-4AA5-8A78-4FD89729C401}.Debug|x64.ActiveCfg = Debug|Any CPU
		{4F23E962-49B6-4AA5-8A78-4FD89729C401}.Debug|x64.Build.0 = Debug|Any CPU
		{4F23E962-49B6-4AA5-8A78-4FD89729C401}.Debug|x86.ActiveCfg = Debug|Any CPU
		{4F23E962-49B6-4AA5-8A78-4FD89729C401}.Debug|x86.Build.0 = Debug|Any CPU
		{4F23E962-49B6-4AA5-8A78-4FD89729C401}.Release|Any CPU.ActiveCfg = Release|Any CPU
		{4F23E962-49B6-4AA5-8A78-4FD89729C401}.Release|Any CPU.Build.0 = Release|Any CPU
		{4F23E962-49B6-4AA5-8A78-4FD89729C401}.Release|x64.ActiveCfg = Release|Any CPU
		{4F23E962-49B6-4AA5-8A78-4FD89729C401}.Release|x64.Build.0 = Release|Any CPU
		{4F23E962-49B6-4AA5-8A78-4FD89729C401}.Release|x86.ActiveCfg = Release|Any CPU
		{4F23E962-49B6-4AA5-8A78-4FD89729C401}.Release|x86.Build.0 = Release|Any CPU
		{BDE07209-EF94-470E-B470-5E8E40323023}.Debug|Any CPU.ActiveCfg = Debug|Any CPU
		{BDE07209-EF94-470E-B470-5E8E40323023}.Debug|Any CPU.Build.0 = Debug|Any CPU
		{BDE07209-EF94-470E-B470-5E8E40323023}.Debug|x64.ActiveCfg = Debug|Any CPU
		{BDE07209-EF94-470E-B470-5E8E40323023}.Debug|x64.Build.0 = Debug|Any CPU
		{BDE07209-EF94-470E-B470-5E8E40323023}.Debug|x86.ActiveCfg = Debug|Any CPU
		{BDE07209-EF94-470E-B470-5E8E40323023}.Debug|x86.Build.0 = Debug|Any CPU
		{BDE07209-EF94-470E-B470-5E8E40323023}.Release|Any CPU.ActiveCfg = Release|Any CPU
		{BDE07209-EF94-470E-B470-5E8E40323023}.Release|Any CPU.Build.0 = Release|Any CPU
		{BDE07209-EF94-470E-B470-5E8E40323023}.Release|x64.ActiveCfg = Release|Any CPU
		{BDE07209-EF94-470E-B470-5E8E40323023}.Release|x64.Build.0 = Release|Any CPU
		{BDE07209-EF94-470E-B470-5E8E40323023}.Release|x86.ActiveCfg = Release|Any CPU
		{BDE07209-EF94-470E-B470-5E8E40323023}.Release|x86.Build.0 = Release|Any CPU
	EndGlobalSection
	GlobalSection(SolutionProperties) = preSolution
		HideSolutionNode = FALSE
	EndGlobalSection
	GlobalSection(NestedProjects) = preSolution
		{D682CE9C-945F-488E-B878-526920C6887D} = {1486CBBA-AF28-46A4-B55A-E6797C1506D0}
		{8AD08B00-C141-4016-8B7F-85FE6EAFE540} = {E9C37E7E-84D7-4F79-9DA0-19087A07374A}
		{86FFD48E-FB14-449C-BF7F-093957735274} = {ABF7785B-AAAA-4CC2-80F9-CE9BF70C88D4}
		{8D713681-FD71-4C8E-B05D-3AE7B421D7F7} = {8B61AC57-42CD-45D2-ADC8-0C62EC8B9482}
		{003A2935-984D-44B9-86E4-522DD628012A} = {ABF7785B-AAAA-4CC2-80F9-CE9BF70C88D4}
		{9D4A2015-ACAC-4170-BBB1-35F091DF18F6} = {1486CBBA-AF28-46A4-B55A-E6797C1506D0}
		{62947E4A-6499-47A8-ACFA-30CA07EBEC74} = {1486CBBA-AF28-46A4-B55A-E6797C1506D0}
		{4F23E962-49B6-4AA5-8A78-4FD89729C401} = {DF83F46A-8217-4400-910D-EDD4D3B92B99}
		{BDE07209-EF94-470E-B470-5E8E40323023} = {DF83F46A-8217-4400-910D-EDD4D3B92B99}
	EndGlobalSection
	GlobalSection(ExtensibilityGlobals) = postSolution
		SolutionGuid = {B3929FEB-5176-4BCE-932A-4DECD8E18DD6}
	EndGlobalSection
EndGlobal
